// !$*UTF8*$!
{
	archiveVersion = 1;
	classes = {
	};
	objectVersion = 56;
	objects = {

/* Begin PBXBuildFile section */
		63431A102A3CE05E00E131CC /* GHButton.swift in Sources */ = {isa = PBXBuildFile; fileRef = 63431A0F2A3CE05D00E131CC /* GHButton.swift */; };
		63431A122A3CE55100E131CC /* GHTextField.swift in Sources */ = {isa = PBXBuildFile; fileRef = 63431A112A3CE55100E131CC /* GHTextField.swift */; };
		63431A142A3D872600E131CC /* FollowersVC.swift in Sources */ = {isa = PBXBuildFile; fileRef = 63431A132A3D872600E131CC /* FollowersVC.swift */; };
		63431A162A3D993A00E131CC /* GHTitleLabel.swift in Sources */ = {isa = PBXBuildFile; fileRef = 63431A152A3D993A00E131CC /* GHTitleLabel.swift */; };
		63431A182A3D9D0E00E131CC /* GHBodyLabel.swift in Sources */ = {isa = PBXBuildFile; fileRef = 63431A172A3D9D0E00E131CC /* GHBodyLabel.swift */; };
		63431A1A2A3D9F4C00E131CC /* AlertVC.swift in Sources */ = {isa = PBXBuildFile; fileRef = 63431A192A3D9F4C00E131CC /* AlertVC.swift */; };
		63431A1C2A3DB0B500E131CC /* UIViewController+Ext.swift in Sources */ = {isa = PBXBuildFile; fileRef = 63431A1B2A3DB0B500E131CC /* UIViewController+Ext.swift */; };
		63431A242A3DF57900E131CC /* GHAlertView.swift in Sources */ = {isa = PBXBuildFile; fileRef = 63431A232A3DF57900E131CC /* GHAlertView.swift */; };
		63431A272A3DFA7900E131CC /* Follower.swift in Sources */ = {isa = PBXBuildFile; fileRef = 63431A262A3DFA7900E131CC /* Follower.swift */; };
		63431A292A3DFB7100E131CC /* User.swift in Sources */ = {isa = PBXBuildFile; fileRef = 63431A282A3DFB7100E131CC /* User.swift */; };
		63431A2C2A3E021E00E131CC /* NetworkManager.swift in Sources */ = {isa = PBXBuildFile; fileRef = 63431A2B2A3E021E00E131CC /* NetworkManager.swift */; };
		63431A312A3EF8FF00E131CC /* GHError.swift in Sources */ = {isa = PBXBuildFile; fileRef = 63431A302A3EF8FF00E131CC /* GHError.swift */; };
		63431A552A3F68A600E131CC /* FollowerCell.swift in Sources */ = {isa = PBXBuildFile; fileRef = 63431A542A3F68A600E131CC /* FollowerCell.swift */; };
		63431A572A3F69ED00E131CC /* GHAvatarImageView.swift in Sources */ = {isa = PBXBuildFile; fileRef = 63431A562A3F69ED00E131CC /* GHAvatarImageView.swift */; };
		636C80622A336CC7008E8BA1 /* AppDelegate.swift in Sources */ = {isa = PBXBuildFile; fileRef = 636C80612A336CC7008E8BA1 /* AppDelegate.swift */; };
		636C80642A336CC7008E8BA1 /* SceneDelegate.swift in Sources */ = {isa = PBXBuildFile; fileRef = 636C80632A336CC7008E8BA1 /* SceneDelegate.swift */; };
		636C806B2A336CC8008E8BA1 /* Assets.xcassets in Resources */ = {isa = PBXBuildFile; fileRef = 636C806A2A336CC8008E8BA1 /* Assets.xcassets */; };
		636C806E2A336CC8008E8BA1 /* LaunchScreen.storyboard in Resources */ = {isa = PBXBuildFile; fileRef = 636C806C2A336CC8008E8BA1 /* LaunchScreen.storyboard */; };
		636C80762A337CD4008E8BA1 /* SearchVC.swift in Sources */ = {isa = PBXBuildFile; fileRef = 636C80752A337CD4008E8BA1 /* SearchVC.swift */; };
		636C80782A337D21008E8BA1 /* FavoritesVC.swift in Sources */ = {isa = PBXBuildFile; fileRef = 636C80772A337D21008E8BA1 /* FavoritesVC.swift */; };
/* End PBXBuildFile section */

/* Begin PBXFileReference section */
		63431A0F2A3CE05D00E131CC /* GHButton.swift */ = {isa = PBXFileReference; lastKnownFileType = sourcecode.swift; path = GHButton.swift; sourceTree = "<group>"; };
		63431A112A3CE55100E131CC /* GHTextField.swift */ = {isa = PBXFileReference; lastKnownFileType = sourcecode.swift; path = GHTextField.swift; sourceTree = "<group>"; };
		63431A132A3D872600E131CC /* FollowersVC.swift */ = {isa = PBXFileReference; lastKnownFileType = sourcecode.swift; path = FollowersVC.swift; sourceTree = "<group>"; };
		63431A152A3D993A00E131CC /* GHTitleLabel.swift */ = {isa = PBXFileReference; lastKnownFileType = sourcecode.swift; path = GHTitleLabel.swift; sourceTree = "<group>"; };
		63431A172A3D9D0E00E131CC /* GHBodyLabel.swift */ = {isa = PBXFileReference; lastKnownFileType = sourcecode.swift; path = GHBodyLabel.swift; sourceTree = "<group>"; };
		63431A192A3D9F4C00E131CC /* AlertVC.swift */ = {isa = PBXFileReference; lastKnownFileType = sourcecode.swift; path = AlertVC.swift; sourceTree = "<group>"; };
		63431A1B2A3DB0B500E131CC /* UIViewController+Ext.swift */ = {isa = PBXFileReference; lastKnownFileType = sourcecode.swift; path = "UIViewController+Ext.swift"; sourceTree = "<group>"; };
		63431A232A3DF57900E131CC /* GHAlertView.swift */ = {isa = PBXFileReference; lastKnownFileType = sourcecode.swift; path = GHAlertView.swift; sourceTree = "<group>"; };
		63431A262A3DFA7900E131CC /* Follower.swift */ = {isa = PBXFileReference; lastKnownFileType = sourcecode.swift; path = Follower.swift; sourceTree = "<group>"; };
		63431A282A3DFB7100E131CC /* User.swift */ = {isa = PBXFileReference; lastKnownFileType = sourcecode.swift; path = User.swift; sourceTree = "<group>"; };
		63431A2B2A3E021E00E131CC /* NetworkManager.swift */ = {isa = PBXFileReference; lastKnownFileType = sourcecode.swift; path = NetworkManager.swift; sourceTree = "<group>"; };
		63431A302A3EF8FF00E131CC /* GHError.swift */ = {isa = PBXFileReference; lastKnownFileType = sourcecode.swift; path = GHError.swift; sourceTree = "<group>"; };
		63431A542A3F68A600E131CC /* FollowerCell.swift */ = {isa = PBXFileReference; lastKnownFileType = sourcecode.swift; path = FollowerCell.swift; sourceTree = "<group>"; };
		63431A562A3F69ED00E131CC /* GHAvatarImageView.swift */ = {isa = PBXFileReference; lastKnownFileType = sourcecode.swift; path = GHAvatarImageView.swift; sourceTree = "<group>"; };
		636C805E2A336CC7008E8BA1 /* GithubbY.app */ = {isa = PBXFileReference; explicitFileType = wrapper.application; includeInIndex = 0; path = GithubbY.app; sourceTree = BUILT_PRODUCTS_DIR; };
		636C80612A336CC7008E8BA1 /* AppDelegate.swift */ = {isa = PBXFileReference; lastKnownFileType = sourcecode.swift; path = AppDelegate.swift; sourceTree = "<group>"; };
		636C80632A336CC7008E8BA1 /* SceneDelegate.swift */ = {isa = PBXFileReference; lastKnownFileType = sourcecode.swift; path = SceneDelegate.swift; sourceTree = "<group>"; };
		636C806A2A336CC8008E8BA1 /* Assets.xcassets */ = {isa = PBXFileReference; lastKnownFileType = folder.assetcatalog; path = Assets.xcassets; sourceTree = "<group>"; };
		636C806D2A336CC8008E8BA1 /* Base */ = {isa = PBXFileReference; lastKnownFileType = file.storyboard; name = Base; path = Base.lproj/LaunchScreen.storyboard; sourceTree = "<group>"; };
		636C806F2A336CC8008E8BA1 /* Info.plist */ = {isa = PBXFileReference; lastKnownFileType = text.plist.xml; path = Info.plist; sourceTree = "<group>"; };
		636C80752A337CD4008E8BA1 /* SearchVC.swift */ = {isa = PBXFileReference; lastKnownFileType = sourcecode.swift; path = SearchVC.swift; sourceTree = "<group>"; };
		636C80772A337D21008E8BA1 /* FavoritesVC.swift */ = {isa = PBXFileReference; lastKnownFileType = sourcecode.swift; path = FavoritesVC.swift; sourceTree = "<group>"; };
/* End PBXFileReference section */

/* Begin PBXFrameworksBuildPhase section */
		636C805B2A336CC7008E8BA1 /* Frameworks */ = {
			isa = PBXFrameworksBuildPhase;
			buildActionMask = 2147483647;
			files = (
			);
			runOnlyForDeploymentPostprocessing = 0;
		};
/* End PBXFrameworksBuildPhase section */

/* Begin PBXGroup section */
		63431A1D2A3DE2AA00E131CC /* Controllers */ = {
			isa = PBXGroup;
			children = (
				636C80752A337CD4008E8BA1 /* SearchVC.swift */,
				636C80772A337D21008E8BA1 /* FavoritesVC.swift */,
				63431A132A3D872600E131CC /* FollowersVC.swift */,
				63431A192A3D9F4C00E131CC /* AlertVC.swift */,
			);
			path = Controllers;
			sourceTree = "<group>";
		};
		63431A1E2A3DE3B900E131CC /* Views */ = {
			isa = PBXGroup;
			children = (
				63431A532A3F684400E131CC /* Cells */,
				63431A0F2A3CE05D00E131CC /* GHButton.swift */,
				63431A112A3CE55100E131CC /* GHTextField.swift */,
				63431A152A3D993A00E131CC /* GHTitleLabel.swift */,
				63431A172A3D9D0E00E131CC /* GHBodyLabel.swift */,
				63431A232A3DF57900E131CC /* GHAlertView.swift */,
				63431A562A3F69ED00E131CC /* GHAvatarImageView.swift */,
			);
			path = Views;
			sourceTree = "<group>";
		};
		63431A1F2A3DE42D00E131CC /* Extensions */ = {
			isa = PBXGroup;
			children = (
				63431A1B2A3DB0B500E131CC /* UIViewController+Ext.swift */,
			);
			path = Extensions;
			sourceTree = "<group>";
		};
		63431A202A3DE51900E131CC /* Default */ = {
			isa = PBXGroup;
			children = (
				636C806F2A336CC8008E8BA1 /* Info.plist */,
				636C80612A336CC7008E8BA1 /* AppDelegate.swift */,
				636C80632A336CC7008E8BA1 /* SceneDelegate.swift */,
				636C806A2A336CC8008E8BA1 /* Assets.xcassets */,
				636C806C2A336CC8008E8BA1 /* LaunchScreen.storyboard */,
			);
			path = Default;
			sourceTree = "<group>";
		};
		63431A252A3DFA6E00E131CC /* Model */ = {
			isa = PBXGroup;
			children = (
				63431A262A3DFA7900E131CC /* Follower.swift */,
				63431A282A3DFB7100E131CC /* User.swift */,
			);
			path = Model;
			sourceTree = "<group>";
		};
		63431A2A2A3E01FF00E131CC /* Managers */ = {
			isa = PBXGroup;
			children = (
				63431A2B2A3E021E00E131CC /* NetworkManager.swift */,
			);
			path = Managers;
			sourceTree = "<group>";
		};
		63431A2F2A3EF8ED00E131CC /* Utils */ = {
			isa = PBXGroup;
			children = (
				63431A302A3EF8FF00E131CC /* GHError.swift */,
			);
			path = Utils;
			sourceTree = "<group>";
		};
		63431A532A3F684400E131CC /* Cells */ = {
			isa = PBXGroup;
			children = (
				63431A542A3F68A600E131CC /* FollowerCell.swift */,
			);
			path = Cells;
			sourceTree = "<group>";
		};
		636C80552A336CC7008E8BA1 = {
			isa = PBXGroup;
			children = (
				636C80602A336CC7008E8BA1 /* GithubbY */,
				636C805F2A336CC7008E8BA1 /* Products */,
			);
			sourceTree = "<group>";
		};
		636C805F2A336CC7008E8BA1 /* Products */ = {
			isa = PBXGroup;
			children = (
				636C805E2A336CC7008E8BA1 /* GithubbY.app */,
			);
			name = Products;
			sourceTree = "<group>";
		};
		636C80602A336CC7008E8BA1 /* GithubbY */ = {
			isa = PBXGroup;
			children = (
				63431A2F2A3EF8ED00E131CC /* Utils */,
				63431A2A2A3E01FF00E131CC /* Managers */,
				63431A252A3DFA6E00E131CC /* Model */,
				63431A1D2A3DE2AA00E131CC /* Controllers */,
				63431A1E2A3DE3B900E131CC /* Views */,
				63431A1F2A3DE42D00E131CC /* Extensions */,
				63431A202A3DE51900E131CC /* Default */,
			);
			path = GithubbY;
			sourceTree = "<group>";
		};
/* End PBXGroup section */

/* Begin PBXNativeTarget section */
		636C805D2A336CC7008E8BA1 /* GithubbY */ = {
			isa = PBXNativeTarget;
			buildConfigurationList = 636C80722A336CC8008E8BA1 /* Build configuration list for PBXNativeTarget "GithubbY" */;
			buildPhases = (
				636C805A2A336CC7008E8BA1 /* Sources */,
				636C805B2A336CC7008E8BA1 /* Frameworks */,
				636C805C2A336CC7008E8BA1 /* Resources */,
			);
			buildRules = (
			);
			dependencies = (
			);
			name = GithubbY;
			productName = GithubbY;
			productReference = 636C805E2A336CC7008E8BA1 /* GithubbY.app */;
			productType = "com.apple.product-type.application";
		};
/* End PBXNativeTarget section */

/* Begin PBXProject section */
		636C80562A336CC7008E8BA1 /* Project object */ = {
			isa = PBXProject;
			attributes = {
				BuildIndependentTargetsInParallel = 1;
				LastSwiftUpdateCheck = 1430;
				LastUpgradeCheck = 1430;
				TargetAttributes = {
					636C805D2A336CC7008E8BA1 = {
						CreatedOnToolsVersion = 14.3;
					};
				};
			};
			buildConfigurationList = 636C80592A336CC7008E8BA1 /* Build configuration list for PBXProject "GithubbY" */;
			compatibilityVersion = "Xcode 14.0";
			developmentRegion = en;
			hasScannedForEncodings = 0;
			knownRegions = (
				en,
				Base,
			);
			mainGroup = 636C80552A336CC7008E8BA1;
			productRefGroup = 636C805F2A336CC7008E8BA1 /* Products */;
			projectDirPath = "";
			projectRoot = "";
			targets = (
				636C805D2A336CC7008E8BA1 /* GithubbY */,
			);
		};
/* End PBXProject section */

/* Begin PBXResourcesBuildPhase section */
		636C805C2A336CC7008E8BA1 /* Resources */ = {
			isa = PBXResourcesBuildPhase;
			buildActionMask = 2147483647;
			files = (
				636C806E2A336CC8008E8BA1 /* LaunchScreen.storyboard in Resources */,
				636C806B2A336CC8008E8BA1 /* Assets.xcassets in Resources */,
			);
			runOnlyForDeploymentPostprocessing = 0;
		};
/* End PBXResourcesBuildPhase section */

/* Begin PBXSourcesBuildPhase section */
		636C805A2A336CC7008E8BA1 /* Sources */ = {
			isa = PBXSourcesBuildPhase;
			buildActionMask = 2147483647;
			files = (
				63431A102A3CE05E00E131CC /* GHButton.swift in Sources */,
				636C80782A337D21008E8BA1 /* FavoritesVC.swift in Sources */,
				63431A142A3D872600E131CC /* FollowersVC.swift in Sources */,
				63431A1C2A3DB0B500E131CC /* UIViewController+Ext.swift in Sources */,
				63431A122A3CE55100E131CC /* GHTextField.swift in Sources */,
				636C80762A337CD4008E8BA1 /* SearchVC.swift in Sources */,
				63431A292A3DFB7100E131CC /* User.swift in Sources */,
				63431A552A3F68A600E131CC /* FollowerCell.swift in Sources */,
				63431A242A3DF57900E131CC /* GHAlertView.swift in Sources */,
				63431A272A3DFA7900E131CC /* Follower.swift in Sources */,
				63431A572A3F69ED00E131CC /* GHAvatarImageView.swift in Sources */,
				63431A162A3D993A00E131CC /* GHTitleLabel.swift in Sources */,
				63431A1A2A3D9F4C00E131CC /* AlertVC.swift in Sources */,
				63431A182A3D9D0E00E131CC /* GHBodyLabel.swift in Sources */,
				63431A312A3EF8FF00E131CC /* GHError.swift in Sources */,
				63431A2C2A3E021E00E131CC /* NetworkManager.swift in Sources */,
				636C80622A336CC7008E8BA1 /* AppDelegate.swift in Sources */,
				636C80642A336CC7008E8BA1 /* SceneDelegate.swift in Sources */,
			);
			runOnlyForDeploymentPostprocessing = 0;
		};
/* End PBXSourcesBuildPhase section */

/* Begin PBXVariantGroup section */
		636C806C2A336CC8008E8BA1 /* LaunchScreen.storyboard */ = {
			isa = PBXVariantGroup;
			children = (
				636C806D2A336CC8008E8BA1 /* Base */,
			);
			name = LaunchScreen.storyboard;
			sourceTree = "<group>";
		};
/* End PBXVariantGroup section */

/* Begin XCBuildConfiguration section */
		636C80702A336CC8008E8BA1 /* Debug */ = {
			isa = XCBuildConfiguration;
			buildSettings = {
				ALWAYS_SEARCH_USER_PATHS = NO;
				CLANG_ANALYZER_NONNULL = YES;
				CLANG_ANALYZER_NUMBER_OBJECT_CONVERSION = YES_AGGRESSIVE;
				CLANG_CXX_LANGUAGE_STANDARD = "gnu++20";
				CLANG_ENABLE_MODULES = YES;
				CLANG_ENABLE_OBJC_ARC = YES;
				CLANG_ENABLE_OBJC_WEAK = YES;
				CLANG_WARN_BLOCK_CAPTURE_AUTORELEASING = YES;
				CLANG_WARN_BOOL_CONVERSION = YES;
				CLANG_WARN_COMMA = YES;
				CLANG_WARN_CONSTANT_CONVERSION = YES;
				CLANG_WARN_DEPRECATED_OBJC_IMPLEMENTATIONS = YES;
				CLANG_WARN_DIRECT_OBJC_ISA_USAGE = YES_ERROR;
				CLANG_WARN_DOCUMENTATION_COMMENTS = YES;
				CLANG_WARN_EMPTY_BODY = YES;
				CLANG_WARN_ENUM_CONVERSION = YES;
				CLANG_WARN_INFINITE_RECURSION = YES;
				CLANG_WARN_INT_CONVERSION = YES;
				CLANG_WARN_NON_LITERAL_NULL_CONVERSION = YES;
				CLANG_WARN_OBJC_IMPLICIT_RETAIN_SELF = YES;
				CLANG_WARN_OBJC_LITERAL_CONVERSION = YES;
				CLANG_WARN_OBJC_ROOT_CLASS = YES_ERROR;
				CLANG_WARN_QUOTED_INCLUDE_IN_FRAMEWORK_HEADER = YES;
				CLANG_WARN_RANGE_LOOP_ANALYSIS = YES;
				CLANG_WARN_STRICT_PROTOTYPES = YES;
				CLANG_WARN_SUSPICIOUS_MOVE = YES;
				CLANG_WARN_UNGUARDED_AVAILABILITY = YES_AGGRESSIVE;
				CLANG_WARN_UNREACHABLE_CODE = YES;
				CLANG_WARN__DUPLICATE_METHOD_MATCH = YES;
				COPY_PHASE_STRIP = NO;
				DEBUG_INFORMATION_FORMAT = dwarf;
				ENABLE_STRICT_OBJC_MSGSEND = YES;
				ENABLE_TESTABILITY = YES;
				GCC_C_LANGUAGE_STANDARD = gnu11;
				GCC_DYNAMIC_NO_PIC = NO;
				GCC_NO_COMMON_BLOCKS = YES;
				GCC_OPTIMIZATION_LEVEL = 0;
				GCC_PREPROCESSOR_DEFINITIONS = (
					"DEBUG=1",
					"$(inherited)",
				);
				GCC_WARN_64_TO_32_BIT_CONVERSION = YES;
				GCC_WARN_ABOUT_RETURN_TYPE = YES_ERROR;
				GCC_WARN_UNDECLARED_SELECTOR = YES;
				GCC_WARN_UNINITIALIZED_AUTOS = YES_AGGRESSIVE;
				GCC_WARN_UNUSED_FUNCTION = YES;
				GCC_WARN_UNUSED_VARIABLE = YES;
				IPHONEOS_DEPLOYMENT_TARGET = 16.4;
				MTL_ENABLE_DEBUG_INFO = INCLUDE_SOURCE;
				MTL_FAST_MATH = YES;
				ONLY_ACTIVE_ARCH = YES;
				SDKROOT = iphoneos;
				SWIFT_ACTIVE_COMPILATION_CONDITIONS = DEBUG;
				SWIFT_OPTIMIZATION_LEVEL = "-Onone";
			};
			name = Debug;
		};
		636C80712A336CC8008E8BA1 /* Release */ = {
			isa = XCBuildConfiguration;
			buildSettings = {
				ALWAYS_SEARCH_USER_PATHS = NO;
				CLANG_ANALYZER_NONNULL = YES;
				CLANG_ANALYZER_NUMBER_OBJECT_CONVERSION = YES_AGGRESSIVE;
				CLANG_CXX_LANGUAGE_STANDARD = "gnu++20";
				CLANG_ENABLE_MODULES = YES;
				CLANG_ENABLE_OBJC_ARC = YES;
				CLANG_ENABLE_OBJC_WEAK = YES;
				CLANG_WARN_BLOCK_CAPTURE_AUTORELEASING = YES;
				CLANG_WARN_BOOL_CONVERSION = YES;
				CLANG_WARN_COMMA = YES;
				CLANG_WARN_CONSTANT_CONVERSION = YES;
				CLANG_WARN_DEPRECATED_OBJC_IMPLEMENTATIONS = YES;
				CLANG_WARN_DIRECT_OBJC_ISA_USAGE = YES_ERROR;
				CLANG_WARN_DOCUMENTATION_COMMENTS = YES;
				CLANG_WARN_EMPTY_BODY = YES;
				CLANG_WARN_ENUM_CONVERSION = YES;
				CLANG_WARN_INFINITE_RECURSION = YES;
				CLANG_WARN_INT_CONVERSION = YES;
				CLANG_WARN_NON_LITERAL_NULL_CONVERSION = YES;
				CLANG_WARN_OBJC_IMPLICIT_RETAIN_SELF = YES;
				CLANG_WARN_OBJC_LITERAL_CONVERSION = YES;
				CLANG_WARN_OBJC_ROOT_CLASS = YES_ERROR;
				CLANG_WARN_QUOTED_INCLUDE_IN_FRAMEWORK_HEADER = YES;
				CLANG_WARN_RANGE_LOOP_ANALYSIS = YES;
				CLANG_WARN_STRICT_PROTOTYPES = YES;
				CLANG_WARN_SUSPICIOUS_MOVE = YES;
				CLANG_WARN_UNGUARDED_AVAILABILITY = YES_AGGRESSIVE;
				CLANG_WARN_UNREACHABLE_CODE = YES;
				CLANG_WARN__DUPLICATE_METHOD_MATCH = YES;
				COPY_PHASE_STRIP = NO;
				DEBUG_INFORMATION_FORMAT = "dwarf-with-dsym";
				ENABLE_NS_ASSERTIONS = NO;
				ENABLE_STRICT_OBJC_MSGSEND = YES;
				GCC_C_LANGUAGE_STANDARD = gnu11;
				GCC_NO_COMMON_BLOCKS = YES;
				GCC_WARN_64_TO_32_BIT_CONVERSION = YES;
				GCC_WARN_ABOUT_RETURN_TYPE = YES_ERROR;
				GCC_WARN_UNDECLARED_SELECTOR = YES;
				GCC_WARN_UNINITIALIZED_AUTOS = YES_AGGRESSIVE;
				GCC_WARN_UNUSED_FUNCTION = YES;
				GCC_WARN_UNUSED_VARIABLE = YES;
				IPHONEOS_DEPLOYMENT_TARGET = 16.4;
				MTL_ENABLE_DEBUG_INFO = NO;
				MTL_FAST_MATH = YES;
				SDKROOT = iphoneos;
				SWIFT_COMPILATION_MODE = wholemodule;
				SWIFT_OPTIMIZATION_LEVEL = "-O";
				VALIDATE_PRODUCT = YES;
			};
			name = Release;
		};
		636C80732A336CC8008E8BA1 /* Debug */ = {
			isa = XCBuildConfiguration;
			buildSettings = {
				ASSETCATALOG_COMPILER_APPICON_NAME = AppIcon;
				ASSETCATALOG_COMPILER_GLOBAL_ACCENT_COLOR_NAME = AccentColor;
				CODE_SIGN_STYLE = Automatic;
				CURRENT_PROJECT_VERSION = 1;
				DEVELOPMENT_TEAM = NW45U774Y9;
				GENERATE_INFOPLIST_FILE = YES;
				INFOPLIST_FILE = GithubbY/Default/Info.plist;
				INFOPLIST_KEY_UIApplicationSupportsIndirectInputEvents = YES;
				INFOPLIST_KEY_UILaunchStoryboardName = LaunchScreen;
				INFOPLIST_KEY_UISupportedInterfaceOrientations = UIInterfaceOrientationPortrait;
				LD_RUNPATH_SEARCH_PATHS = (
					"$(inherited)",
					"@executable_path/Frameworks",
				);
				MARKETING_VERSION = 1.0;
				PRODUCT_BUNDLE_IDENTIFIER = "com.dmytro-pavlov.GithubbY";
				PRODUCT_NAME = "$(TARGET_NAME)";
				SWIFT_EMIT_LOC_STRINGS = YES;
				SWIFT_VERSION = 5.0;
				TARGETED_DEVICE_FAMILY = "1,2";
			};
			name = Debug;
		};
		636C80742A336CC8008E8BA1 /* Release */ = {
			isa = XCBuildConfiguration;
			buildSettings = {
				ASSETCATALOG_COMPILER_APPICON_NAME = AppIcon;
				ASSETCATALOG_COMPILER_GLOBAL_ACCENT_COLOR_NAME = AccentColor;
				CODE_SIGN_STYLE = Automatic;
				CURRENT_PROJECT_VERSION = 1;
				DEVELOPMENT_TEAM = NW45U774Y9;
				GENERATE_INFOPLIST_FILE = YES;
				INFOPLIST_FILE = GithubbY/Default/Info.plist;
				INFOPLIST_KEY_UIApplicationSupportsIndirectInputEvents = YES;
				INFOPLIST_KEY_UILaunchStoryboardName = LaunchScreen;
				INFOPLIST_KEY_UISupportedInterfaceOrientations = UIInterfaceOrientationPortrait;
				LD_RUNPATH_SEARCH_PATHS = (
					"$(inherited)",
					"@executable_path/Frameworks",
				);
				MARKETING_VERSION = 1.0;
				PRODUCT_BUNDLE_IDENTIFIER = "com.dmytro-pavlov.GithubbY";
				PRODUCT_NAME = "$(TARGET_NAME)";
				SWIFT_EMIT_LOC_STRINGS = YES;
				SWIFT_VERSION = 5.0;
				TARGETED_DEVICE_FAMILY = "1,2";
			};
			name = Release;
		};
/* End XCBuildConfiguration section */

/* Begin XCConfigurationList section */
		636C80592A336CC7008E8BA1 /* Build configuration list for PBXProject "GithubbY" */ = {
			isa = XCConfigurationList;
			buildConfigurations = (
				636C80702A336CC8008E8BA1 /* Debug */,
				636C80712A336CC8008E8BA1 /* Release */,
			);
			defaultConfigurationIsVisible = 0;
			defaultConfigurationName = Release;
		};
		636C80722A336CC8008E8BA1 /* Build configuration list for PBXNativeTarget "GithubbY" */ = {
			isa = XCConfigurationList;
			buildConfigurations = (
				636C80732A336CC8008E8BA1 /* Debug */,
				636C80742A336CC8008E8BA1 /* Release */,
			);
			defaultConfigurationIsVisible = 0;
			defaultConfigurationName = Release;
		};
/* End XCConfigurationList section */
	};
	rootObject = 636C80562A336CC7008E8BA1 /* Project object */;
}
